
Microsoft Visual Studio Solution File, Format Version 12.00
# Visual Studio Version 17
VisualStudioVersion = 17.7.34018.315
MinimumVisualStudioVersion = 10.0.40219.1
Project("{2150E333-8FDC-42A3-9474-1A3956D46DE8}") = "Integration", "Integration", "{C75B7DBE-0351-4488-8B51-46BE843E6508}"
EndProject
Project("{2150E333-8FDC-42A3-9474-1A3956D46DE8}") = "Services", "Services", "{89BEE009-401A-421A-AAAB-9DA970D1BD25}"
EndProject
Project("{9A19103F-16F7-4668-BE54-9A1E7A4F7556}") = "BookWooks.OrderApi.Core", "BookWooks.OrderApi\src\BookWooks.OrderApi.Core\BookWooks.OrderApi.Core.csproj", "{FB71DC6E-BCA1-45D8-9799-23888F0126B7}"
EndProject
Project("{9A19103F-16F7-4668-BE54-9A1E7A4F7556}") = "BookWooks.OrderApi.Infrastructure", "BookWooks.OrderApi\src\BookWooks.OrderApi.Infrastructure\BookWooks.OrderApi.Infrastructure.csproj", "{5E9DA4D0-D705-491E-8F59-3016AB978C0C}"
EndProject
Project("{9A19103F-16F7-4668-BE54-9A1E7A4F7556}") = "BookWooks.OrderApi.UseCases", "BookWooks.OrderApi\src\BookWooks.OrderApi.UseCases\BookWooks.OrderApi.UseCases.csproj", "{1B527348-3245-42A1-AE22-6E7AE3EF43B0}"
EndProject
Project("{9A19103F-16F7-4668-BE54-9A1E7A4F7556}") = "BookWooks.OrderApi.Web", "BookWooks.OrderApi\src\BookWooks.OrderApi.Web\BookWooks.OrderApi.Web.csproj", "{129EE218-5040-4C5D-9CAB-C3BF643910EB}"
EndProject
Project("{9A19103F-16F7-4668-BE54-9A1E7A4F7556}") = "BookWooks.OrderApi.FunctionalTests", "BookWooks.OrderApi\tests\BookWooks.OrderApi.FunctionalTests\BookWooks.OrderApi.FunctionalTests.csproj", "{6FE285F1-7058-4651-AED5-3A0C8981D608}"
EndProject
Project("{9A19103F-16F7-4668-BE54-9A1E7A4F7556}") = "BookWooks.OrderApi.IntegrationTests", "BookWooks.OrderApi\tests\BookWooks.OrderApi.IntegrationTests\BookWooks.OrderApi.IntegrationTests.csproj", "{D07538FB-F15A-43B9-8142-FDB6805DB518}"
EndProject
Project("{9A19103F-16F7-4668-BE54-9A1E7A4F7556}") = "BookWooks.OrderApi.UnitTests", "BookWooks.OrderApi\tests\BookWooks.OrderApi.UnitTests\BookWooks.OrderApi.UnitTests.csproj", "{846B2574-ECC3-4BBA-97F0-A1E1AAE2561E}"
EndProject
Project("{2150E333-8FDC-42A3-9474-1A3956D46DE8}") = "BookyWooks.Order", "BookyWooks.Order", "{0D46073E-5FC0-4A9F-A319-72B72DCCB383}"
EndProject
Project("{2150E333-8FDC-42A3-9474-1A3956D46DE8}") = "BookWooks.Order.Tests", "BookWooks.Order.Tests", "{8213A9FE-A86D-4758-906C-A0CC6C38E8D6}"
EndProject
Project("{2150E333-8FDC-42A3-9474-1A3956D46DE8}") = "SharedKernel", "SharedKernel", "{4C6B0941-EE81-4C2F-A563-56CEE3B1FEC4}"
EndProject
Project("{9A19103F-16F7-4668-BE54-9A1E7A4F7556}") = "BookyWooks.SharedKernel", "BookyWooks.SharedKernel\BookyWooks.SharedKernel.csproj", "{FB0A1982-9C2F-4C75-8803-A0C484878CFD}"
EndProject
Project("{9A19103F-16F7-4668-BE54-9A1E7A4F7556}") = "BookWooks.OrderApi.TestContainersIntegrationTests", "BookWooks.OrderApi.TestContainersIntegrationTests\BookWooks.OrderApi.TestContainersIntegrationTests.csproj", "{6533473D-9D88-4ADD-A665-F7D4E85270C5}"
EndProject
Project("{E53339B2-1760-4266-BCC7-CA923CBCF16C}") = "docker-compose", "docker-compose.dcproj", "{7B788D73-AF3F-4AE6-879C-318062FFB326}"
EndProject
Project("{2150E333-8FDC-42A3-9474-1A3956D46DE8}") = "DockerEnvironmentVariables", "DockerEnvironmentVariables", "{A7235FEC-E284-45B3-94A1-5967A0A180D0}"
	ProjectSection(SolutionItems) = preProject
		.env = .env
		DockerNotes.txt = DockerNotes.txt
		NotesOnDockerVolumes.txt = NotesOnDockerVolumes.txt
	EndProjectSection
EndProject
Project("{9A19103F-16F7-4668-BE54-9A1E7A4F7556}") = "BookyWooks.OrderApi.IntegrationTests", "BookyWooks.OrderApi.IntegrationTests\BookyWooks.OrderApi.IntegrationTests.csproj", "{52D0D4B6-E309-4ABA-BBC3-14A51B2FFEB5}"
EndProject
Project("{9A19103F-16F7-4668-BE54-9A1E7A4F7556}") = "BookyWooks.Messaging", "BookyWooks.Messaging\BookyWooks.Messaging.csproj", "{92EB22C2-06DF-46D7-969D-8206BDD07EF1}"
EndProject
Project("{9A19103F-16F7-4668-BE54-9A1E7A4F7556}") = "BookyWooks.Catalogue.Api", "BookyWooks.Catalogue.Api\BookyWooks.Catalogue.Api.csproj", "{2E3E09E1-2F37-4A4B-88AD-B178203C991F}"
EndProject
Project("{2150E333-8FDC-42A3-9474-1A3956D46DE8}") = "SagaOrchestration", "SagaOrchestration", "{45392FAF-8976-4C5C-BC22-75BEDED05A4B}"
EndProject
Project("{9A19103F-16F7-4668-BE54-9A1E7A4F7556}") = "SagaOrchestration", "SagaOrchestration\SagaOrchestration.csproj", "{73229F29-7375-4D6C-9118-CE75DCD3CF8D}"
EndProject
Project("{2150E333-8FDC-42A3-9474-1A3956D46DE8}") = "SharedServices", "SharedServices", "{C6070EED-0BA4-4181-8EAF-35C5136B701A}"
EndProject
Project("{2150E333-8FDC-42A3-9474-1A3956D46DE8}") = "DistributedTracing", "DistributedTracing", "{1927E26B-8331-4C38-833F-841CA74ECABC}"
EndProject
Project("{9A19103F-16F7-4668-BE54-9A1E7A4F7556}") = "Tracing", "Tracing\Tracing.csproj", "{6E1F8B33-0575-4FE5-BBFF-96B4552A3F37}"
EndProject
Project("{2150E333-8FDC-42A3-9474-1A3956D46DE8}") = "Logging", "Logging", "{22C55C28-F788-4ED5-BA9A-48152390FEB4}"
EndProject
Project("{9A19103F-16F7-4668-BE54-9A1E7A4F7556}") = "Logging", "Logging\Logging.csproj", "{33D797E5-560C-4A52-A1F5-0FCCD8459870}"
EndProject
Project("{9A19103F-16F7-4668-BE54-9A1E7A4F7556}") = "BookyWooks.Identity", "BookyWooks.Identity\BookyWooks.Identity.csproj", "{B7F99F77-1A87-4E00-92CC-8A8CD7E1DBB6}"
EndProject
Project("{2150E333-8FDC-42A3-9474-1A3956D46DE8}") = "ApiGateways", "ApiGateways", "{AE699687-2E57-43FE-A9E1-52B3A47CCE28}"
EndProject
Project("{9A19103F-16F7-4668-BE54-9A1E7A4F7556}") = "OcelotGateway", "OcelotGateway\OcelotGateway.csproj", "{82B5087E-E0EE-426F-B293-F007357C8CAE}"
EndProject
Project("{9A19103F-16F7-4668-BE54-9A1E7A4F7556}") = "BookyWooks.IdentityServer", "BookyWooks.IdentityServer\BookyWooks.IdentityServer.csproj", "{708DECBA-1DB8-41DE-A094-8B568CAC8DBE}"
EndProject
Global
	GlobalSection(SolutionConfigurationPlatforms) = preSolution
		Debug|Any CPU = Debug|Any CPU
		Release|Any CPU = Release|Any CPU
	EndGlobalSection
	GlobalSection(ProjectConfigurationPlatforms) = postSolution
		{FB71DC6E-BCA1-45D8-9799-23888F0126B7}.Debug|Any CPU.ActiveCfg = Debug|Any CPU
		{FB71DC6E-BCA1-45D8-9799-23888F0126B7}.Debug|Any CPU.Build.0 = Debug|Any CPU
		{FB71DC6E-BCA1-45D8-9799-23888F0126B7}.Release|Any CPU.ActiveCfg = Release|Any CPU
		{FB71DC6E-BCA1-45D8-9799-23888F0126B7}.Release|Any CPU.Build.0 = Release|Any CPU
		{5E9DA4D0-D705-491E-8F59-3016AB978C0C}.Debug|Any CPU.ActiveCfg = Debug|Any CPU
		{5E9DA4D0-D705-491E-8F59-3016AB978C0C}.Debug|Any CPU.Build.0 = Debug|Any CPU
		{5E9DA4D0-D705-491E-8F59-3016AB978C0C}.Release|Any CPU.ActiveCfg = Release|Any CPU
		{5E9DA4D0-D705-491E-8F59-3016AB978C0C}.Release|Any CPU.Build.0 = Release|Any CPU
		{1B527348-3245-42A1-AE22-6E7AE3EF43B0}.Debug|Any CPU.ActiveCfg = Debug|Any CPU
		{1B527348-3245-42A1-AE22-6E7AE3EF43B0}.Debug|Any CPU.Build.0 = Debug|Any CPU
		{1B527348-3245-42A1-AE22-6E7AE3EF43B0}.Release|Any CPU.ActiveCfg = Release|Any CPU
		{1B527348-3245-42A1-AE22-6E7AE3EF43B0}.Release|Any CPU.Build.0 = Release|Any CPU
		{129EE218-5040-4C5D-9CAB-C3BF643910EB}.Debug|Any CPU.ActiveCfg = Debug|Any CPU
		{129EE218-5040-4C5D-9CAB-C3BF643910EB}.Debug|Any CPU.Build.0 = Debug|Any CPU
		{129EE218-5040-4C5D-9CAB-C3BF643910EB}.Release|Any CPU.ActiveCfg = Release|Any CPU
		{129EE218-5040-4C5D-9CAB-C3BF643910EB}.Release|Any CPU.Build.0 = Release|Any CPU
		{6FE285F1-7058-4651-AED5-3A0C8981D608}.Debug|Any CPU.ActiveCfg = Debug|Any CPU
		{6FE285F1-7058-4651-AED5-3A0C8981D608}.Debug|Any CPU.Build.0 = Debug|Any CPU
		{6FE285F1-7058-4651-AED5-3A0C8981D608}.Release|Any CPU.ActiveCfg = Release|Any CPU
		{6FE285F1-7058-4651-AED5-3A0C8981D608}.Release|Any CPU.Build.0 = Release|Any CPU
		{D07538FB-F15A-43B9-8142-FDB6805DB518}.Debug|Any CPU.ActiveCfg = Debug|Any CPU
		{D07538FB-F15A-43B9-8142-FDB6805DB518}.Debug|Any CPU.Build.0 = Debug|Any CPU
		{D07538FB-F15A-43B9-8142-FDB6805DB518}.Release|Any CPU.ActiveCfg = Release|Any CPU
		{D07538FB-F15A-43B9-8142-FDB6805DB518}.Release|Any CPU.Build.0 = Release|Any CPU
		{846B2574-ECC3-4BBA-97F0-A1E1AAE2561E}.Debug|Any CPU.ActiveCfg = Debug|Any CPU
		{846B2574-ECC3-4BBA-97F0-A1E1AAE2561E}.Debug|Any CPU.Build.0 = Debug|Any CPU
		{846B2574-ECC3-4BBA-97F0-A1E1AAE2561E}.Release|Any CPU.ActiveCfg = Release|Any CPU
		{846B2574-ECC3-4BBA-97F0-A1E1AAE2561E}.Release|Any CPU.Build.0 = Release|Any CPU
		{FB0A1982-9C2F-4C75-8803-A0C484878CFD}.Debug|Any CPU.ActiveCfg = Debug|Any CPU
		{FB0A1982-9C2F-4C75-8803-A0C484878CFD}.Debug|Any CPU.Build.0 = Debug|Any CPU
		{FB0A1982-9C2F-4C75-8803-A0C484878CFD}.Release|Any CPU.ActiveCfg = Release|Any CPU
		{FB0A1982-9C2F-4C75-8803-A0C484878CFD}.Release|Any CPU.Build.0 = Release|Any CPU
		{6533473D-9D88-4ADD-A665-F7D4E85270C5}.Debug|Any CPU.ActiveCfg = Debug|Any CPU
		{6533473D-9D88-4ADD-A665-F7D4E85270C5}.Debug|Any CPU.Build.0 = Debug|Any CPU
		{6533473D-9D88-4ADD-A665-F7D4E85270C5}.Release|Any CPU.ActiveCfg = Release|Any CPU
		{6533473D-9D88-4ADD-A665-F7D4E85270C5}.Release|Any CPU.Build.0 = Release|Any CPU
		{7B788D73-AF3F-4AE6-879C-318062FFB326}.Debug|Any CPU.ActiveCfg = Debug|Any CPU
		{7B788D73-AF3F-4AE6-879C-318062FFB326}.Debug|Any CPU.Build.0 = Debug|Any CPU
		{7B788D73-AF3F-4AE6-879C-318062FFB326}.Release|Any CPU.ActiveCfg = Release|Any CPU
		{7B788D73-AF3F-4AE6-879C-318062FFB326}.Release|Any CPU.Build.0 = Release|Any CPU
		{52D0D4B6-E309-4ABA-BBC3-14A51B2FFEB5}.Debug|Any CPU.ActiveCfg = Debug|Any CPU
		{52D0D4B6-E309-4ABA-BBC3-14A51B2FFEB5}.Debug|Any CPU.Build.0 = Debug|Any CPU
		{52D0D4B6-E309-4ABA-BBC3-14A51B2FFEB5}.Release|Any CPU.ActiveCfg = Release|Any CPU
		{52D0D4B6-E309-4ABA-BBC3-14A51B2FFEB5}.Release|Any CPU.Build.0 = Release|Any CPU
		{92EB22C2-06DF-46D7-969D-8206BDD07EF1}.Debug|Any CPU.ActiveCfg = Debug|Any CPU
		{92EB22C2-06DF-46D7-969D-8206BDD07EF1}.Debug|Any CPU.Build.0 = Debug|Any CPU
		{92EB22C2-06DF-46D7-969D-8206BDD07EF1}.Release|Any CPU.ActiveCfg = Release|Any CPU
		{92EB22C2-06DF-46D7-969D-8206BDD07EF1}.Release|Any CPU.Build.0 = Release|Any CPU
		{2E3E09E1-2F37-4A4B-88AD-B178203C991F}.Debug|Any CPU.ActiveCfg = Debug|Any CPU
		{2E3E09E1-2F37-4A4B-88AD-B178203C991F}.Debug|Any CPU.Build.0 = Debug|Any CPU
		{2E3E09E1-2F37-4A4B-88AD-B178203C991F}.Release|Any CPU.ActiveCfg = Release|Any CPU
		{2E3E09E1-2F37-4A4B-88AD-B178203C991F}.Release|Any CPU.Build.0 = Release|Any CPU
		{73229F29-7375-4D6C-9118-CE75DCD3CF8D}.Debug|Any CPU.ActiveCfg = Debug|Any CPU
		{73229F29-7375-4D6C-9118-CE75DCD3CF8D}.Debug|Any CPU.Build.0 = Debug|Any CPU
		{73229F29-7375-4D6C-9118-CE75DCD3CF8D}.Release|Any CPU.ActiveCfg = Release|Any CPU
		{73229F29-7375-4D6C-9118-CE75DCD3CF8D}.Release|Any CPU.Build.0 = Release|Any CPU
		{6E1F8B33-0575-4FE5-BBFF-96B4552A3F37}.Debug|Any CPU.ActiveCfg = Debug|Any CPU
		{6E1F8B33-0575-4FE5-BBFF-96B4552A3F37}.Debug|Any CPU.Build.0 = Debug|Any CPU
		{6E1F8B33-0575-4FE5-BBFF-96B4552A3F37}.Release|Any CPU.ActiveCfg = Release|Any CPU
		{6E1F8B33-0575-4FE5-BBFF-96B4552A3F37}.Release|Any CPU.Build.0 = Release|Any CPU
		{33D797E5-560C-4A52-A1F5-0FCCD8459870}.Debug|Any CPU.ActiveCfg = Debug|Any CPU
		{33D797E5-560C-4A52-A1F5-0FCCD8459870}.Debug|Any CPU.Build.0 = Debug|Any CPU
		{33D797E5-560C-4A52-A1F5-0FCCD8459870}.Release|Any CPU.ActiveCfg = Release|Any CPU
		{33D797E5-560C-4A52-A1F5-0FCCD8459870}.Release|Any CPU.Build.0 = Release|Any CPU
		{B7F99F77-1A87-4E00-92CC-8A8CD7E1DBB6}.Debug|Any CPU.ActiveCfg = Debug|Any CPU
		{B7F99F77-1A87-4E00-92CC-8A8CD7E1DBB6}.Debug|Any CPU.Build.0 = Debug|Any CPU
		{B7F99F77-1A87-4E00-92CC-8A8CD7E1DBB6}.Release|Any CPU.ActiveCfg = Release|Any CPU
		{B7F99F77-1A87-4E00-92CC-8A8CD7E1DBB6}.Release|Any CPU.Build.0 = Release|Any CPU
		{82B5087E-E0EE-426F-B293-F007357C8CAE}.Debug|Any CPU.ActiveCfg = Debug|Any CPU
		{82B5087E-E0EE-426F-B293-F007357C8CAE}.Debug|Any CPU.Build.0 = Debug|Any CPU
		{82B5087E-E0EE-426F-B293-F007357C8CAE}.Release|Any CPU.ActiveCfg = Release|Any CPU
		{82B5087E-E0EE-426F-B293-F007357C8CAE}.Release|Any CPU.Build.0 = Release|Any CPU
		{708DECBA-1DB8-41DE-A094-8B568CAC8DBE}.Debug|Any CPU.ActiveCfg = Debug|Any CPU
		{708DECBA-1DB8-41DE-A094-8B568CAC8DBE}.Debug|Any CPU.Build.0 = Debug|Any CPU
		{708DECBA-1DB8-41DE-A094-8B568CAC8DBE}.Release|Any CPU.ActiveCfg = Release|Any CPU
		{708DECBA-1DB8-41DE-A094-8B568CAC8DBE}.Release|Any CPU.Build.0 = Release|Any CPU
	EndGlobalSection
	GlobalSection(SolutionProperties) = preSolution
		HideSolutionNode = FALSE
	EndGlobalSection
	GlobalSection(NestedProjects) = preSolution
		{FB71DC6E-BCA1-45D8-9799-23888F0126B7} = {0D46073E-5FC0-4A9F-A319-72B72DCCB383}
		{5E9DA4D0-D705-491E-8F59-3016AB978C0C} = {0D46073E-5FC0-4A9F-A319-72B72DCCB383}
		{1B527348-3245-42A1-AE22-6E7AE3EF43B0} = {0D46073E-5FC0-4A9F-A319-72B72DCCB383}
		{129EE218-5040-4C5D-9CAB-C3BF643910EB} = {0D46073E-5FC0-4A9F-A319-72B72DCCB383}
		{6FE285F1-7058-4651-AED5-3A0C8981D608} = {8213A9FE-A86D-4758-906C-A0CC6C38E8D6}
		{D07538FB-F15A-43B9-8142-FDB6805DB518} = {8213A9FE-A86D-4758-906C-A0CC6C38E8D6}
		{846B2574-ECC3-4BBA-97F0-A1E1AAE2561E} = {8213A9FE-A86D-4758-906C-A0CC6C38E8D6}
		{0D46073E-5FC0-4A9F-A319-72B72DCCB383} = {89BEE009-401A-421A-AAAB-9DA970D1BD25}
		{8213A9FE-A86D-4758-906C-A0CC6C38E8D6} = {0D46073E-5FC0-4A9F-A319-72B72DCCB383}
		{4C6B0941-EE81-4C2F-A563-56CEE3B1FEC4} = {C6070EED-0BA4-4181-8EAF-35C5136B701A}
		{FB0A1982-9C2F-4C75-8803-A0C484878CFD} = {4C6B0941-EE81-4C2F-A563-56CEE3B1FEC4}
		{6533473D-9D88-4ADD-A665-F7D4E85270C5} = {8213A9FE-A86D-4758-906C-A0CC6C38E8D6}
		{52D0D4B6-E309-4ABA-BBC3-14A51B2FFEB5} = {8213A9FE-A86D-4758-906C-A0CC6C38E8D6}
		{92EB22C2-06DF-46D7-969D-8206BDD07EF1} = {C75B7DBE-0351-4488-8B51-46BE843E6508}
		{2E3E09E1-2F37-4A4B-88AD-B178203C991F} = {89BEE009-401A-421A-AAAB-9DA970D1BD25}
		{73229F29-7375-4D6C-9118-CE75DCD3CF8D} = {45392FAF-8976-4C5C-BC22-75BEDED05A4B}
		{1927E26B-8331-4C38-833F-841CA74ECABC} = {C6070EED-0BA4-4181-8EAF-35C5136B701A}
		{6E1F8B33-0575-4FE5-BBFF-96B4552A3F37} = {1927E26B-8331-4C38-833F-841CA74ECABC}
		{22C55C28-F788-4ED5-BA9A-48152390FEB4} = {C6070EED-0BA4-4181-8EAF-35C5136B701A}
		{33D797E5-560C-4A52-A1F5-0FCCD8459870} = {22C55C28-F788-4ED5-BA9A-48152390FEB4}
		{B7F99F77-1A87-4E00-92CC-8A8CD7E1DBB6} = {89BEE009-401A-421A-AAAB-9DA970D1BD25}
		{82B5087E-E0EE-426F-B293-F007357C8CAE} = {AE699687-2E57-43FE-A9E1-52B3A47CCE28}
		{708DECBA-1DB8-41DE-A094-8B568CAC8DBE} = {89BEE009-401A-421A-AAAB-9DA970D1BD25}
	EndGlobalSection
	GlobalSection(ExtensibilityGlobals) = postSolution
		SolutionGuid = {C62E4639-BD4C-47C3-873D-B083250A5897}
	EndGlobalSection
EndGlobal
